// !$*UTF8*$!
{
	archiveVersion = 1;
	classes = {
	};
	objectVersion = 55;
	objects = {

/* Begin PBXBuildFile section */
		892BA34327441F9700A71A8C /* AppDelegate.swift in Sources */ = {isa = PBXBuildFile; fileRef = 892BA34227441F9700A71A8C /* AppDelegate.swift */; };
		892BA34527441F9700A71A8C /* SceneDelegate.swift in Sources */ = {isa = PBXBuildFile; fileRef = 892BA34427441F9700A71A8C /* SceneDelegate.swift */; };
		892BA34A27441F9700A71A8C /* Main.storyboard in Resources */ = {isa = PBXBuildFile; fileRef = 892BA34827441F9700A71A8C /* Main.storyboard */; };
		892BA34D27441F9700A71A8C /* ChatApp.xcdatamodeld in Sources */ = {isa = PBXBuildFile; fileRef = 892BA34B27441F9700A71A8C /* ChatApp.xcdatamodeld */; };
		892BA34F27441F9900A71A8C /* Assets.xcassets in Resources */ = {isa = PBXBuildFile; fileRef = 892BA34E27441F9900A71A8C /* Assets.xcassets */; };
		892BA35227441F9900A71A8C /* LaunchScreen.storyboard in Resources */ = {isa = PBXBuildFile; fileRef = 892BA35027441F9900A71A8C /* LaunchScreen.storyboard */; };
		892BA35D27441F9900A71A8C /* ChatAppTests.swift in Sources */ = {isa = PBXBuildFile; fileRef = 892BA35C27441F9900A71A8C /* ChatAppTests.swift */; };
		892BA36727441F9900A71A8C /* ChatAppUITests.swift in Sources */ = {isa = PBXBuildFile; fileRef = 892BA36627441F9900A71A8C /* ChatAppUITests.swift */; };
		892BA36927441F9900A71A8C /* ChatAppUITestsLaunchTests.swift in Sources */ = {isa = PBXBuildFile; fileRef = 892BA36827441F9900A71A8C /* ChatAppUITestsLaunchTests.swift */; };
		892BA37C2744237A00A71A8C /* ConversationViewController.swift in Sources */ = {isa = PBXBuildFile; fileRef = 892BA37B2744237A00A71A8C /* ConversationViewController.swift */; };
		892BA37F2744238D00A71A8C /* LoginViewController.swift in Sources */ = {isa = PBXBuildFile; fileRef = 892BA37E2744238D00A71A8C /* LoginViewController.swift */; };
		892BA3812744239600A71A8C /* RegistrationViewController.swift in Sources */ = {isa = PBXBuildFile; fileRef = 892BA3802744239600A71A8C /* RegistrationViewController.swift */; };
		892BA383274423AB00A71A8C /* PhotoViewerViewController.swift in Sources */ = {isa = PBXBuildFile; fileRef = 892BA382274423AB00A71A8C /* PhotoViewerViewController.swift */; };
		892BA385274423C600A71A8C /* NewConversationViewController.swift in Sources */ = {isa = PBXBuildFile; fileRef = 892BA384274423C600A71A8C /* NewConversationViewController.swift */; };
		892BA387274423E700A71A8C /* ProfileViewController.swift in Sources */ = {isa = PBXBuildFile; fileRef = 892BA386274423E700A71A8C /* ProfileViewController.swift */; };
/* End PBXBuildFile section */

/* Begin PBXContainerItemProxy section */
		892BA35927441F9900A71A8C /* PBXContainerItemProxy */ = {
			isa = PBXContainerItemProxy;
			containerPortal = 892BA33727441F9700A71A8C /* Project object */;
			proxyType = 1;
			remoteGlobalIDString = 892BA33E27441F9700A71A8C;
			remoteInfo = ChatApp;
		};
		892BA36327441F9900A71A8C /* PBXContainerItemProxy */ = {
			isa = PBXContainerItemProxy;
			containerPortal = 892BA33727441F9700A71A8C /* Project object */;
			proxyType = 1;
			remoteGlobalIDString = 892BA33E27441F9700A71A8C;
			remoteInfo = ChatApp;
		};
/* End PBXContainerItemProxy section */

/* Begin PBXFileReference section */
		892BA33F27441F9700A71A8C /* ChatApp.app */ = {isa = PBXFileReference; explicitFileType = wrapper.application; includeInIndex = 0; path = ChatApp.app; sourceTree = BUILT_PRODUCTS_DIR; };
		892BA34227441F9700A71A8C /* AppDelegate.swift */ = {isa = PBXFileReference; lastKnownFileType = sourcecode.swift; path = AppDelegate.swift; sourceTree = "<group>"; };
		892BA34427441F9700A71A8C /* SceneDelegate.swift */ = {isa = PBXFileReference; lastKnownFileType = sourcecode.swift; path = SceneDelegate.swift; sourceTree = "<group>"; };
		892BA34927441F9700A71A8C /* Base */ = {isa = PBXFileReference; lastKnownFileType = file.storyboard; name = Base; path = Base.lproj/Main.storyboard; sourceTree = "<group>"; };
		892BA34C27441F9700A71A8C /* ChatApp.xcdatamodel */ = {isa = PBXFileReference; lastKnownFileType = wrapper.xcdatamodel; path = ChatApp.xcdatamodel; sourceTree = "<group>"; };
		892BA34E27441F9900A71A8C /* Assets.xcassets */ = {isa = PBXFileReference; lastKnownFileType = folder.assetcatalog; path = Assets.xcassets; sourceTree = "<group>"; };
		892BA35127441F9900A71A8C /* Base */ = {isa = PBXFileReference; lastKnownFileType = file.storyboard; name = Base; path = Base.lproj/LaunchScreen.storyboard; sourceTree = "<group>"; };
		892BA35327441F9900A71A8C /* Info.plist */ = {isa = PBXFileReference; lastKnownFileType = text.plist.xml; path = Info.plist; sourceTree = "<group>"; };
		892BA35827441F9900A71A8C /* ChatAppTests.xctest */ = {isa = PBXFileReference; explicitFileType = wrapper.cfbundle; includeInIndex = 0; path = ChatAppTests.xctest; sourceTree = BUILT_PRODUCTS_DIR; };
		892BA35C27441F9900A71A8C /* ChatAppTests.swift */ = {isa = PBXFileReference; lastKnownFileType = sourcecode.swift; path = ChatAppTests.swift; sourceTree = "<group>"; };
		892BA36227441F9900A71A8C /* ChatAppUITests.xctest */ = {isa = PBXFileReference; explicitFileType = wrapper.cfbundle; includeInIndex = 0; path = ChatAppUITests.xctest; sourceTree = BUILT_PRODUCTS_DIR; };
		892BA36627441F9900A71A8C /* ChatAppUITests.swift */ = {isa = PBXFileReference; lastKnownFileType = sourcecode.swift; path = ChatAppUITests.swift; sourceTree = "<group>"; };
		892BA36827441F9900A71A8C /* ChatAppUITestsLaunchTests.swift */ = {isa = PBXFileReference; lastKnownFileType = sourcecode.swift; path = ChatAppUITestsLaunchTests.swift; sourceTree = "<group>"; };
		892BA37B2744237A00A71A8C /* ConversationViewController.swift */ = {isa = PBXFileReference; lastKnownFileType = sourcecode.swift; path = ConversationViewController.swift; sourceTree = "<group>"; };
		892BA37E2744238D00A71A8C /* LoginViewController.swift */ = {isa = PBXFileReference; lastKnownFileType = sourcecode.swift; path = LoginViewController.swift; sourceTree = "<group>"; };
		892BA3802744239600A71A8C /* RegistrationViewController.swift */ = {isa = PBXFileReference; lastKnownFileType = sourcecode.swift; path = RegistrationViewController.swift; sourceTree = "<group>"; };
		892BA382274423AB00A71A8C /* PhotoViewerViewController.swift */ = {isa = PBXFileReference; lastKnownFileType = sourcecode.swift; path = PhotoViewerViewController.swift; sourceTree = "<group>"; };
		892BA384274423C600A71A8C /* NewConversationViewController.swift */ = {isa = PBXFileReference; lastKnownFileType = sourcecode.swift; path = NewConversationViewController.swift; sourceTree = "<group>"; };
		892BA386274423E700A71A8C /* ProfileViewController.swift */ = {isa = PBXFileReference; lastKnownFileType = sourcecode.swift; path = ProfileViewController.swift; sourceTree = "<group>"; };
/* End PBXFileReference section */

/* Begin PBXFrameworksBuildPhase section */
		892BA33C27441F9700A71A8C /* Frameworks */ = {
			isa = PBXFrameworksBuildPhase;
			buildActionMask = 2147483647;
			files = (
			);
			runOnlyForDeploymentPostprocessing = 0;
		};
		892BA35527441F9900A71A8C /* Frameworks */ = {
			isa = PBXFrameworksBuildPhase;
			buildActionMask = 2147483647;
			files = (
			);
			runOnlyForDeploymentPostprocessing = 0;
		};
		892BA35F27441F9900A71A8C /* Frameworks */ = {
			isa = PBXFrameworksBuildPhase;
			buildActionMask = 2147483647;
			files = (
			);
			runOnlyForDeploymentPostprocessing = 0;
		};
/* End PBXFrameworksBuildPhase section */

/* Begin PBXGroup section */
		892BA33627441F9700A71A8C = {
			isa = PBXGroup;
			children = (
				892BA34127441F9700A71A8C /* ChatApp */,
				892BA35B27441F9900A71A8C /* ChatAppTests */,
				892BA36527441F9900A71A8C /* ChatAppUITests */,
				892BA34027441F9700A71A8C /* Products */,
			);
			sourceTree = "<group>";
		};
		892BA34027441F9700A71A8C /* Products */ = {
			isa = PBXGroup;
			children = (
				892BA33F27441F9700A71A8C /* ChatApp.app */,
				892BA35827441F9900A71A8C /* ChatAppTests.xctest */,
				892BA36227441F9900A71A8C /* ChatAppUITests.xctest */,
			);
			name = Products;
			sourceTree = "<group>";
		};
		892BA34127441F9700A71A8C /* ChatApp */ = {
			isa = PBXGroup;
			children = (
				892BA379274422D300A71A8C /* Resources */,
				892BA378274422CE00A71A8C /* Controller */,
				892BA377274422C800A71A8C /* ViewModel */,
				892BA376274422C500A71A8C /* View */,
				892BA375274422C000A71A8C /* Model */,
				892BA34E27441F9900A71A8C /* Assets.xcassets */,
				892BA35327441F9900A71A8C /* Info.plist */,
				892BA34B27441F9700A71A8C /* ChatApp.xcdatamodeld */,
			);
			path = ChatApp;
			sourceTree = "<group>";
		};
		892BA35B27441F9900A71A8C /* ChatAppTests */ = {
			isa = PBXGroup;
			children = (
				892BA35C27441F9900A71A8C /* ChatAppTests.swift */,
			);
			path = ChatAppTests;
			sourceTree = "<group>";
		};
		892BA36527441F9900A71A8C /* ChatAppUITests */ = {
			isa = PBXGroup;
			children = (
				892BA36627441F9900A71A8C /* ChatAppUITests.swift */,
				892BA36827441F9900A71A8C /* ChatAppUITestsLaunchTests.swift */,
			);
			path = ChatAppUITests;
			sourceTree = "<group>";
		};
		892BA375274422C000A71A8C /* Model */ = {
			isa = PBXGroup;
			children = (
			);
			path = Model;
			sourceTree = "<group>";
		};
		892BA376274422C500A71A8C /* View */ = {
			isa = PBXGroup;
			children = (
				892BA37A2744233900A71A8C /* Storyboards */,
			);
			path = View;
			sourceTree = "<group>";
		};
		892BA377274422C800A71A8C /* ViewModel */ = {
			isa = PBXGroup;
			children = (
			);
			path = ViewModel;
			sourceTree = "<group>";
		};
		892BA378274422CE00A71A8C /* Controller */ = {
			isa = PBXGroup;
			children = (
				892BA37D2744237F00A71A8C /* Authentication */,
				892BA37B2744237A00A71A8C /* ConversationViewController.swift */,
				892BA382274423AB00A71A8C /* PhotoViewerViewController.swift */,
				892BA384274423C600A71A8C /* NewConversationViewController.swift */,
				892BA386274423E700A71A8C /* ProfileViewController.swift */,
			);
			path = Controller;
			sourceTree = "<group>";
		};
		892BA379274422D300A71A8C /* Resources */ = {
			isa = PBXGroup;
			children = (
				892BA34427441F9700A71A8C /* SceneDelegate.swift */,
				892BA34227441F9700A71A8C /* AppDelegate.swift */,
			);
			path = Resources;
			sourceTree = "<group>";
		};
		892BA37A2744233900A71A8C /* Storyboards */ = {
			isa = PBXGroup;
			children = (
				892BA34827441F9700A71A8C /* Main.storyboard */,
				892BA35027441F9900A71A8C /* LaunchScreen.storyboard */,
			);
			path = Storyboards;
			sourceTree = "<group>";
		};
		892BA37D2744237F00A71A8C /* Authentication */ = {
			isa = PBXGroup;
			children = (
				892BA37E2744238D00A71A8C /* LoginViewController.swift */,
				892BA3802744239600A71A8C /* RegistrationViewController.swift */,
			);
			path = Authentication;
			sourceTree = "<group>";
		};
/* End PBXGroup section */

/* Begin PBXNativeTarget section */
		892BA33E27441F9700A71A8C /* ChatApp */ = {
			isa = PBXNativeTarget;
			buildConfigurationList = 892BA36C27441F9900A71A8C /* Build configuration list for PBXNativeTarget "ChatApp" */;
			buildPhases = (
				892BA33B27441F9700A71A8C /* Sources */,
				892BA33C27441F9700A71A8C /* Frameworks */,
				892BA33D27441F9700A71A8C /* Resources */,
			);
			buildRules = (
			);
			dependencies = (
			);
			name = ChatApp;
			productName = ChatApp;
			productReference = 892BA33F27441F9700A71A8C /* ChatApp.app */;
			productType = "com.apple.product-type.application";
		};
		892BA35727441F9900A71A8C /* ChatAppTests */ = {
			isa = PBXNativeTarget;
			buildConfigurationList = 892BA36F27441F9900A71A8C /* Build configuration list for PBXNativeTarget "ChatAppTests" */;
			buildPhases = (
				892BA35427441F9900A71A8C /* Sources */,
				892BA35527441F9900A71A8C /* Frameworks */,
				892BA35627441F9900A71A8C /* Resources */,
			);
			buildRules = (
			);
			dependencies = (
				892BA35A27441F9900A71A8C /* PBXTargetDependency */,
			);
			name = ChatAppTests;
			productName = ChatAppTests;
			productReference = 892BA35827441F9900A71A8C /* ChatAppTests.xctest */;
			productType = "com.apple.product-type.bundle.unit-test";
		};
		892BA36127441F9900A71A8C /* ChatAppUITests */ = {
			isa = PBXNativeTarget;
			buildConfigurationList = 892BA37227441F9900A71A8C /* Build configuration list for PBXNativeTarget "ChatAppUITests" */;
			buildPhases = (
				892BA35E27441F9900A71A8C /* Sources */,
				892BA35F27441F9900A71A8C /* Frameworks */,
				892BA36027441F9900A71A8C /* Resources */,
			);
			buildRules = (
			);
			dependencies = (
				892BA36427441F9900A71A8C /* PBXTargetDependency */,
			);
			name = ChatAppUITests;
			productName = ChatAppUITests;
			productReference = 892BA36227441F9900A71A8C /* ChatAppUITests.xctest */;
			productType = "com.apple.product-type.bundle.ui-testing";
		};
/* End PBXNativeTarget section */

/* Begin PBXProject section */
		892BA33727441F9700A71A8C /* Project object */ = {
			isa = PBXProject;
			attributes = {
				BuildIndependentTargetsInParallel = 1;
				LastSwiftUpdateCheck = 1310;
				LastUpgradeCheck = 1310;
				TargetAttributes = {
					892BA33E27441F9700A71A8C = {
						CreatedOnToolsVersion = 13.1;
					};
					892BA35727441F9900A71A8C = {
						CreatedOnToolsVersion = 13.1;
						TestTargetID = 892BA33E27441F9700A71A8C;
					};
					892BA36127441F9900A71A8C = {
						CreatedOnToolsVersion = 13.1;
						TestTargetID = 892BA33E27441F9700A71A8C;
					};
				};
			};
			buildConfigurationList = 892BA33A27441F9700A71A8C /* Build configuration list for PBXProject "ChatApp" */;
			compatibilityVersion = "Xcode 13.0";
			developmentRegion = en;
			hasScannedForEncodings = 0;
			knownRegions = (
				en,
				Base,
			);
			mainGroup = 892BA33627441F9700A71A8C;
			productRefGroup = 892BA34027441F9700A71A8C /* Products */;
			projectDirPath = "";
			projectRoot = "";
			targets = (
				892BA33E27441F9700A71A8C /* ChatApp */,
				892BA35727441F9900A71A8C /* ChatAppTests */,
				892BA36127441F9900A71A8C /* ChatAppUITests */,
			);
		};
/* End PBXProject section */

/* Begin PBXResourcesBuildPhase section */
		892BA33D27441F9700A71A8C /* Resources */ = {
			isa = PBXResourcesBuildPhase;
			buildActionMask = 2147483647;
			files = (
				892BA35227441F9900A71A8C /* LaunchScreen.storyboard in Resources */,
				892BA34F27441F9900A71A8C /* Assets.xcassets in Resources */,
				892BA34A27441F9700A71A8C /* Main.storyboard in Resources */,
			);
			runOnlyForDeploymentPostprocessing = 0;
		};
		892BA35627441F9900A71A8C /* Resources */ = {
			isa = PBXResourcesBuildPhase;
			buildActionMask = 2147483647;
			files = (
			);
			runOnlyForDeploymentPostprocessing = 0;
		};
		892BA36027441F9900A71A8C /* Resources */ = {
			isa = PBXResourcesBuildPhase;
			buildActionMask = 2147483647;
			files = (
			);
			runOnlyForDeploymentPostprocessing = 0;
		};
/* End PBXResourcesBuildPhase section */

/* Begin PBXSourcesBuildPhase section */
		892BA33B27441F9700A71A8C /* Sources */ = {
			isa = PBXSourcesBuildPhase;
			buildActionMask = 2147483647;
			files = (
				892BA3812744239600A71A8C /* RegistrationViewController.swift in Sources */,
				892BA34D27441F9700A71A8C /* ChatApp.xcdatamodeld in Sources */,
				892BA385274423C600A71A8C /* NewConversationViewController.swift in Sources */,
				892BA34327441F9700A71A8C /* AppDelegate.swift in Sources */,
				892BA383274423AB00A71A8C /* PhotoViewerViewController.swift in Sources */,
				892BA37C2744237A00A71A8C /* ConversationViewController.swift in Sources */,
				892BA387274423E700A71A8C /* ProfileViewController.swift in Sources */,
				892BA37F2744238D00A71A8C /* LoginViewController.swift in Sources */,
				892BA34527441F9700A71A8C /* SceneDelegate.swift in Sources */,
			);
			runOnlyForDeploymentPostprocessing = 0;
		};
		892BA35427441F9900A71A8C /* Sources */ = {
			isa = PBXSourcesBuildPhase;
			buildActionMask = 2147483647;
			files = (
				892BA35D27441F9900A71A8C /* ChatAppTests.swift in Sources */,
			);
			runOnlyForDeploymentPostprocessing = 0;
		};
		892BA35E27441F9900A71A8C /* Sources */ = {
			isa = PBXSourcesBuildPhase;
			buildActionMask = 2147483647;
			files = (
				892BA36927441F9900A71A8C /* ChatAppUITestsLaunchTests.swift in Sources */,
				892BA36727441F9900A71A8C /* ChatAppUITests.swift in Sources */,
			);
			runOnlyForDeploymentPostprocessing = 0;
		};
/* End PBXSourcesBuildPhase section */

/* Begin PBXTargetDependency section */
		892BA35A27441F9900A71A8C /* PBXTargetDependency */ = {
			isa = PBXTargetDependency;
			target = 892BA33E27441F9700A71A8C /* ChatApp */;
			targetProxy = 892BA35927441F9900A71A8C /* PBXContainerItemProxy */;
		};
		892BA36427441F9900A71A8C /* PBXTargetDependency */ = {
			isa = PBXTargetDependency;
			target = 892BA33E27441F9700A71A8C /* ChatApp */;
			targetProxy = 892BA36327441F9900A71A8C /* PBXContainerItemProxy */;
		};
/* End PBXTargetDependency section */

/* Begin PBXVariantGroup section */
		892BA34827441F9700A71A8C /* Main.storyboard */ = {
			isa = PBXVariantGroup;
			children = (
				892BA34927441F9700A71A8C /* Base */,
			);
			name = Main.storyboard;
			sourceTree = "<group>";
		};
		892BA35027441F9900A71A8C /* LaunchScreen.storyboard */ = {
			isa = PBXVariantGroup;
			children = (
				892BA35127441F9900A71A8C /* Base */,
			);
			name = LaunchScreen.storyboard;
			sourceTree = "<group>";
		};
/* End PBXVariantGroup section */

/* Begin XCBuildConfiguration section */
		892BA36A27441F9900A71A8C /* Debug */ = {
			isa = XCBuildConfiguration;
			buildSettings = {
				ALWAYS_SEARCH_USER_PATHS = NO;
				CLANG_ANALYZER_NONNULL = YES;
				CLANG_ANALYZER_NUMBER_OBJECT_CONVERSION = YES_AGGRESSIVE;
				CLANG_CXX_LANGUAGE_STANDARD = "gnu++17";
				CLANG_CXX_LIBRARY = "libc++";
				CLANG_ENABLE_MODULES = YES;
				CLANG_ENABLE_OBJC_ARC = YES;
				CLANG_ENABLE_OBJC_WEAK = YES;
				CLANG_WARN_BLOCK_CAPTURE_AUTORELEASING = YES;
				CLANG_WARN_BOOL_CONVERSION = YES;
				CLANG_WARN_COMMA = YES;
				CLANG_WARN_CONSTANT_CONVERSION = YES;
				CLANG_WARN_DEPRECATED_OBJC_IMPLEMENTATIONS = YES;
				CLANG_WARN_DIRECT_OBJC_ISA_USAGE = YES_ERROR;
				CLANG_WARN_DOCUMENTATION_COMMENTS = YES;
				CLANG_WARN_EMPTY_BODY = YES;
				CLANG_WARN_ENUM_CONVERSION = YES;
				CLANG_WARN_INFINITE_RECURSION = YES;
				CLANG_WARN_INT_CONVERSION = YES;
				CLANG_WARN_NON_LITERAL_NULL_CONVERSION = YES;
				CLANG_WARN_OBJC_IMPLICIT_RETAIN_SELF = YES;
				CLANG_WARN_OBJC_LITERAL_CONVERSION = YES;
				CLANG_WARN_OBJC_ROOT_CLASS = YES_ERROR;
				CLANG_WARN_QUOTED_INCLUDE_IN_FRAMEWORK_HEADER = YES;
				CLANG_WARN_RANGE_LOOP_ANALYSIS = YES;
				CLANG_WARN_STRICT_PROTOTYPES = YES;
				CLANG_WARN_SUSPICIOUS_MOVE = YES;
				CLANG_WARN_UNGUARDED_AVAILABILITY = YES_AGGRESSIVE;
				CLANG_WARN_UNREACHABLE_CODE = YES;
				CLANG_WARN__DUPLICATE_METHOD_MATCH = YES;
				COPY_PHASE_STRIP = NO;
				DEBUG_INFORMATION_FORMAT = dwarf;
				ENABLE_STRICT_OBJC_MSGSEND = YES;
				ENABLE_TESTABILITY = YES;
				GCC_C_LANGUAGE_STANDARD = gnu11;
				GCC_DYNAMIC_NO_PIC = NO;
				GCC_NO_COMMON_BLOCKS = YES;
				GCC_OPTIMIZATION_LEVEL = 0;
				GCC_PREPROCESSOR_DEFINITIONS = (
					"DEBUG=1",
					"$(inherited)",
				);
				GCC_WARN_64_TO_32_BIT_CONVERSION = YES;
				GCC_WARN_ABOUT_RETURN_TYPE = YES_ERROR;
				GCC_WARN_UNDECLARED_SELECTOR = YES;
				GCC_WARN_UNINITIALIZED_AUTOS = YES_AGGRESSIVE;
				GCC_WARN_UNUSED_FUNCTION = YES;
				GCC_WARN_UNUSED_VARIABLE = YES;
				IPHONEOS_DEPLOYMENT_TARGET = 15.0;
				MTL_ENABLE_DEBUG_INFO = INCLUDE_SOURCE;
				MTL_FAST_MATH = YES;
				ONLY_ACTIVE_ARCH = YES;
				SDKROOT = iphoneos;
				SWIFT_ACTIVE_COMPILATION_CONDITIONS = DEBUG;
				SWIFT_OPTIMIZATION_LEVEL = "-Onone";
			};
			name = Debug;
		};
		892BA36B27441F9900A71A8C /* Release */ = {
			isa = XCBuildConfiguration;
			buildSettings = {
				ALWAYS_SEARCH_USER_PATHS = NO;
				CLANG_ANALYZER_NONNULL = YES;
				CLANG_ANALYZER_NUMBER_OBJECT_CONVERSION = YES_AGGRESSIVE;
				CLANG_CXX_LANGUAGE_STANDARD = "gnu++17";
				CLANG_CXX_LIBRARY = "libc++";
				CLANG_ENABLE_MODULES = YES;
				CLANG_ENABLE_OBJC_ARC = YES;
				CLANG_ENABLE_OBJC_WEAK = YES;
				CLANG_WARN_BLOCK_CAPTURE_AUTORELEASING = YES;
				CLANG_WARN_BOOL_CONVERSION = YES;
				CLANG_WARN_COMMA = YES;
				CLANG_WARN_CONSTANT_CONVERSION = YES;
				CLANG_WARN_DEPRECATED_OBJC_IMPLEMENTATIONS = YES;
				CLANG_WARN_DIRECT_OBJC_ISA_USAGE = YES_ERROR;
				CLANG_WARN_DOCUMENTATION_COMMENTS = YES;
				CLANG_WARN_EMPTY_BODY = YES;
				CLANG_WARN_ENUM_CONVERSION = YES;
				CLANG_WARN_INFINITE_RECURSION = YES;
				CLANG_WARN_INT_CONVERSION = YES;
				CLANG_WARN_NON_LITERAL_NULL_CONVERSION = YES;
				CLANG_WARN_OBJC_IMPLICIT_RETAIN_SELF = YES;
				CLANG_WARN_OBJC_LITERAL_CONVERSION = YES;
				CLANG_WARN_OBJC_ROOT_CLASS = YES_ERROR;
				CLANG_WARN_QUOTED_INCLUDE_IN_FRAMEWORK_HEADER = YES;
				CLANG_WARN_RANGE_LOOP_ANALYSIS = YES;
				CLANG_WARN_STRICT_PROTOTYPES = YES;
				CLANG_WARN_SUSPICIOUS_MOVE = YES;
				CLANG_WARN_UNGUARDED_AVAILABILITY = YES_AGGRESSIVE;
				CLANG_WARN_UNREACHABLE_CODE = YES;
				CLANG_WARN__DUPLICATE_METHOD_MATCH = YES;
				COPY_PHASE_STRIP = NO;
				DEBUG_INFORMATION_FORMAT = "dwarf-with-dsym";
				ENABLE_NS_ASSERTIONS = NO;
				ENABLE_STRICT_OBJC_MSGSEND = YES;
				GCC_C_LANGUAGE_STANDARD = gnu11;
				GCC_NO_COMMON_BLOCKS = YES;
				GCC_WARN_64_TO_32_BIT_CONVERSION = YES;
				GCC_WARN_ABOUT_RETURN_TYPE = YES_ERROR;
				GCC_WARN_UNDECLARED_SELECTOR = YES;
				GCC_WARN_UNINITIALIZED_AUTOS = YES_AGGRESSIVE;
				GCC_WARN_UNUSED_FUNCTION = YES;
				GCC_WARN_UNUSED_VARIABLE = YES;
				IPHONEOS_DEPLOYMENT_TARGET = 15.0;
				MTL_ENABLE_DEBUG_INFO = NO;
				MTL_FAST_MATH = YES;
				SDKROOT = iphoneos;
				SWIFT_COMPILATION_MODE = wholemodule;
				SWIFT_OPTIMIZATION_LEVEL = "-O";
				VALIDATE_PRODUCT = YES;
			};
			name = Release;
		};
		892BA36D27441F9900A71A8C /* Debug */ = {
			isa = XCBuildConfiguration;
			buildSettings = {
				ASSETCATALOG_COMPILER_APPICON_NAME = AppIcon;
				ASSETCATALOG_COMPILER_GLOBAL_ACCENT_COLOR_NAME = AccentColor;
				CODE_SIGN_STYLE = Automatic;
				CURRENT_PROJECT_VERSION = 1;
				DEVELOPMENT_TEAM = FZWZGGS7F2;
				GENERATE_INFOPLIST_FILE = YES;
				INFOPLIST_FILE = ChatApp/Info.plist;
				INFOPLIST_KEY_UIApplicationSupportsIndirectInputEvents = YES;
				INFOPLIST_KEY_UILaunchStoryboardName = LaunchScreen;
				INFOPLIST_KEY_UIMainStoryboardFile = Main;
				INFOPLIST_KEY_UISupportedInterfaceOrientations = UIInterfaceOrientationPortrait;
				INFOPLIST_KEY_UISupportedInterfaceOrientations_iPad = "UIInterfaceOrientationPortrait UIInterfaceOrientationPortraitUpsideDown UIInterfaceOrientationLandscapeLeft UIInterfaceOrientationLandscapeRight";
				INFOPLIST_KEY_UISupportedInterfaceOrientations_iPhone = "UIInterfaceOrientationPortrait UIInterfaceOrientationLandscapeLeft UIInterfaceOrientationLandscapeRight";
				LD_RUNPATH_SEARCH_PATHS = (
					"$(inherited)",
					"@executable_path/Frameworks",
				);
				MARKETING_VERSION = 1.0;
				PRODUCT_BUNDLE_IDENTIFIER = com.GabrielMoreira.ChatApp;
				PRODUCT_NAME = "$(TARGET_NAME)";
				SWIFT_EMIT_LOC_STRINGS = YES;
				SWIFT_VERSION = 5.0;
				TARGETED_DEVICE_FAMILY = 1;
			};
			name = Debug;
		};
		892BA36E27441F9900A71A8C /* Release */ = {
			isa = XCBuildConfiguration;
			buildSettings = {
				ASSETCATALOG_COMPILER_APPICON_NAME = AppIcon;
				ASSETCATALOG_COMPILER_GLOBAL_ACCENT_COLOR_NAME = AccentColor;
				CODE_SIGN_STYLE = Automatic;
				CURRENT_PROJECT_VERSION = 1;
				DEVELOPMENT_TEAM = FZWZGGS7F2;
				GENERATE_INFOPLIST_FILE = YES;
				INFOPLIST_FILE = ChatApp/Info.plist;
				INFOPLIST_KEY_UIApplicationSupportsIndirectInputEvents = YES;
				INFOPLIST_KEY_UILaunchStoryboardName = LaunchScreen;
				INFOPLIST_KEY_UIMainStoryboardFile = Main;
				INFOPLIST_KEY_UISupportedInterfaceOrientations = UIInterfaceOrientationPortrait;
				INFOPLIST_KEY_UISupportedInterfaceOrientations_iPad = "UIInterfaceOrientationPortrait UIInterfaceOrientationPortraitUpsideDown UIInterfaceOrientationLandscapeLeft UIInterfaceOrientationLandscapeRight";
				INFOPLIST_KEY_UISupportedInterfaceOrientations_iPhone = "UIInterfaceOrientationPortrait UIInterfaceOrientationLandscapeLeft UIInterfaceOrientationLandscapeRight";
				LD_RUNPATH_SEARCH_PATHS = (
					"$(inherited)",
					"@executable_path/Frameworks",
				);
				MARKETING_VERSION = 1.0;
				PRODUCT_BUNDLE_IDENTIFIER = com.GabrielMoreira.ChatApp;
				PRODUCT_NAME = "$(TARGET_NAME)";
				SWIFT_EMIT_LOC_STRINGS = YES;
				SWIFT_VERSION = 5.0;
				TARGETED_DEVICE_FAMILY = 1;
			};
			name = Release;
		};
		892BA37027441F9900A71A8C /* Debug */ = {
			isa = XCBuildConfiguration;
			buildSettings = {
				ALWAYS_EMBED_SWIFT_STANDARD_LIBRARIES = YES;
				BUNDLE_LOADER = "$(TEST_HOST)";
				CODE_SIGN_STYLE = Automatic;
				CURRENT_PROJECT_VERSION = 1;
				DEVELOPMENT_TEAM = FZWZGGS7F2;
				GENERATE_INFOPLIST_FILE = YES;
				IPHONEOS_DEPLOYMENT_TARGET = 15.0;
				LD_RUNPATH_SEARCH_PATHS = (
					"$(inherited)",
					"@executable_path/Frameworks",
					"@loader_path/Frameworks",
				);
				MARKETING_VERSION = 1.0;
				PRODUCT_BUNDLE_IDENTIFIER = com.GabrielMoreira.ChatAppTests;
				PRODUCT_NAME = "$(TARGET_NAME)";
				SWIFT_EMIT_LOC_STRINGS = NO;
				SWIFT_VERSION = 5.0;
				TARGETED_DEVICE_FAMILY = "1,2";
				TEST_HOST = "$(BUILT_PRODUCTS_DIR)/ChatApp.app/ChatApp";
			};
			name = Debug;
		};
		892BA37127441F9900A71A8C /* Release */ = {
			isa = XCBuildConfiguration;
			buildSettings = {
				ALWAYS_EMBED_SWIFT_STANDARD_LIBRARIES = YES;
				BUNDLE_LOADER = "$(TEST_HOST)";
				CODE_SIGN_STYLE = Automatic;
				CURRENT_PROJECT_VERSION = 1;
				DEVELOPMENT_TEAM = FZWZGGS7F2;
				GENERATE_INFOPLIST_FILE = YES;
				IPHONEOS_DEPLOYMENT_TARGET = 15.0;
				LD_RUNPATH_SEARCH_PATHS = (
					"$(inherited)",
					"@executable_path/Frameworks",
					"@loader_path/Frameworks",
				);
				MARKETING_VERSION = 1.0;
				PRODUCT_BUNDLE_IDENTIFIER = com.GabrielMoreira.ChatAppTests;
				PRODUCT_NAME = "$(TARGET_NAME)";
				SWIFT_EMIT_LOC_STRINGS = NO;
				SWIFT_VERSION = 5.0;
				TARGETED_DEVICE_FAMILY = "1,2";
				TEST_HOST = "$(BUILT_PRODUCTS_DIR)/ChatApp.app/ChatApp";
			};
			name = Release;
		};
		892BA37327441F9900A71A8C /* Debug */ = {
			isa = XCBuildConfiguration;
			buildSettings = {
				ALWAYS_EMBED_SWIFT_STANDARD_LIBRARIES = YES;
				CODE_SIGN_STYLE = Automatic;
				CURRENT_PROJECT_VERSION = 1;
				DEVELOPMENT_TEAM = FZWZGGS7F2;
				GENERATE_INFOPLIST_FILE = YES;
				LD_RUNPATH_SEARCH_PATHS = (
					"$(inherited)",
					"@executable_path/Frameworks",
					"@loader_path/Frameworks",
				);
				MARKETING_VERSION = 1.0;
				PRODUCT_BUNDLE_IDENTIFIER = com.GabrielMoreira.ChatAppUITests;
				PRODUCT_NAME = "$(TARGET_NAME)";
				SWIFT_EMIT_LOC_STRINGS = NO;
				SWIFT_VERSION = 5.0;
				TARGETED_DEVICE_FAMILY = "1,2";
				TEST_TARGET_NAME = ChatApp;
			};
			name = Debug;
		};
		892BA37427441F9900A71A8C /* Release */ = {
			isa = XCBuildConfiguration;
			buildSettings = {
				ALWAYS_EMBED_SWIFT_STANDARD_LIBRARIES = YES;
				CODE_SIGN_STYLE = Automatic;
				CURRENT_PROJECT_VERSION = 1;
				DEVELOPMENT_TEAM = FZWZGGS7F2;
				GENERATE_INFOPLIST_FILE = YES;
				LD_RUNPATH_SEARCH_PATHS = (
					"$(inherited)",
					"@executable_path/Frameworks",
					"@loader_path/Frameworks",
				);
				MARKETING_VERSION = 1.0;
				PRODUCT_BUNDLE_IDENTIFIER = com.GabrielMoreira.ChatAppUITests;
				PRODUCT_NAME = "$(TARGET_NAME)";
				SWIFT_EMIT_LOC_STRINGS = NO;
				SWIFT_VERSION = 5.0;
				TARGETED_DEVICE_FAMILY = "1,2";
				TEST_TARGET_NAME = ChatApp;
			};
			name = Release;
		};
/* End XCBuildConfiguration section */

/* Begin XCConfigurationList section */
		892BA33A27441F9700A71A8C /* Build configuration list for PBXProject "ChatApp" */ = {
			isa = XCConfigurationList;
			buildConfigurations = (
				892BA36A27441F9900A71A8C /* Debug */,
				892BA36B27441F9900A71A8C /* Release */,
			);
			defaultConfigurationIsVisible = 0;
			defaultConfigurationName = Release;
		};
		892BA36C27441F9900A71A8C /* Build configuration list for PBXNativeTarget "ChatApp" */ = {
			isa = XCConfigurationList;
			buildConfigurations = (
				892BA36D27441F9900A71A8C /* Debug */,
				892BA36E27441F9900A71A8C /* Release */,
			);
			defaultConfigurationIsVisible = 0;
			defaultConfigurationName = Release;
		};
		892BA36F27441F9900A71A8C /* Build configuration list for PBXNativeTarget "ChatAppTests" */ = {
			isa = XCConfigurationList;
			buildConfigurations = (
				892BA37027441F9900A71A8C /* Debug */,
				892BA37127441F9900A71A8C /* Release */,
			);
			defaultConfigurationIsVisible = 0;
			defaultConfigurationName = Release;
		};
		892BA37227441F9900A71A8C /* Build configuration list for PBXNativeTarget "ChatAppUITests" */ = {
			isa = XCConfigurationList;
			buildConfigurations = (
				892BA37327441F9900A71A8C /* Debug */,
				892BA37427441F9900A71A8C /* Release */,
			);
			defaultConfigurationIsVisible = 0;
			defaultConfigurationName = Release;
		};
/* End XCConfigurationList section */

/* Begin XCVersionGroup section */
		892BA34B27441F9700A71A8C /* ChatApp.xcdatamodeld */ = {
			isa = XCVersionGroup;
			children = (
				892BA34C27441F9700A71A8C /* ChatApp.xcdatamodel */,
			);
			currentVersion = 892BA34C27441F9700A71A8C /* ChatApp.xcdatamodel */;
			path = ChatApp.xcdatamodeld;
			sourceTree = "<group>";
			versionGroupType = wrapper.xcdatamodel;
		};
/* End XCVersionGroup section */
	};
	rootObject = 892BA33727441F9700A71A8C /* Project object */;
}
